
Microsoft Visual Studio Solution File, Format Version 12.00
# Visual Studio Version 17
VisualStudioVersion = 17.10.35004.147
MinimumVisualStudioVersion = 10.0.40219.1
Project("{FAE04EC0-301F-11D3-BF4B-00C04F79EFBC}") = "B05ASPC09_Secutity01", "B05ASPC09_Secutity01\B05ASPC09_Secutity01.csproj", "{1014C95B-6BD2-482F-A693-67C45AD610EF}"
EndProject
Global
	GlobalSection(SolutionConfigurationPlatforms) = preSolution
		Debug|Any CPU = Debug|Any CPU
		Release|Any CPU = Release|Any CPU
	EndGlobalSection
	GlobalSection(ProjectConfigurationPlatforms) = postSolution
		{1014C95B-6BD2-482F-A693-67C45AD610EF}.Debug|Any CPU.ActiveCfg = Debug|Any CPU
		{1014C95B-6BD2-482F-A693-67C45AD610EF}.Debug|Any CPU.Build.0 = Debug|Any CPU
		{1014C95B-6BD2-482F-A693-67C45AD610EF}.Release|Any CPU.ActiveCfg = Release|Any CPU
		{1014C95B-6BD2-482F-A693-67C45AD610EF}.Release|Any CPU.Build.0 = Release|Any CPU
	EndGlobalSection
	GlobalSection(SolutionProperties) = preSolution
		HideSolutionNode = FALSE
	EndGlobalSection
	GlobalSection(ExtensibilityGlobals) = postSolution
		SolutionGuid = {E8AA65E6-88A2-47C7-9502-E42953008874}
	EndGlobalSection
EndGlobal
